
Microsoft Visual Studio Solution File, Format Version 12.00
# Visual Studio Version 17
VisualStudioVersion = 17.2.32630.192
MinimumVisualStudioVersion = 10.0.40219.1
Project("{FAE04EC0-301F-11D3-BF4B-00C04F79EFBC}") = "MarsTest", "MarsTest\MarsTest.csproj", "{5BC10A0F-9FBB-44C2-A269-1608CF71615A}"
EndProject
Global
	GlobalSection(SolutionConfigurationPlatforms) = preSolution
		Debug|Any CPU = Debug|Any CPU
		Release|Any CPU = Release|Any CPU
	EndGlobalSection
	GlobalSection(ProjectConfigurationPlatforms) = postSolution
		{5BC10A0F-9FBB-44C2-A269-1608CF71615A}.Debug|Any CPU.ActiveCfg = Debug|Any CPU
		{5BC10A0F-9FBB-44C2-A269-1608CF71615A}.Debug|Any CPU.Build.0 = Debug|Any CPU
		{5BC10A0F-9FBB-44C2-A269-1608CF71615A}.Release|Any CPU.ActiveCfg = Release|Any CPU
		{5BC10A0F-9FBB-44C2-A269-1608CF71615A}.Release|Any CPU.Build.0 = Release|Any CPU
	EndGlobalSection
	GlobalSection(SolutionProperties) = preSolution
		HideSolutionNode = FALSE
	EndGlobalSection
	GlobalSection(ExtensibilityGlobals) = postSolution
		SolutionGuid = {B8EE3A54-CD98-4D74-B265-FB32E5AB0392}
	EndGlobalSection
EndGlobal
